
Microsoft Visual Studio Solution File, Format Version 12.00
# Visual Studio Version 17
VisualStudioVersion = 17.9.34622.214
MinimumVisualStudioVersion = 10.0.40219.1
Project("{FAE04EC0-301F-11D3-BF4B-00C04F79EFBC}") = "PageNotClosingDemo", "PageNotClosingDemo.csproj", "{FA4A3701-8272-477D-B8E0-BA64F8BAB8C4}"
EndProject
Global
	GlobalSection(SolutionConfigurationPlatforms) = preSolution
		Debug|Any CPU = Debug|Any CPU
		Release|Any CPU = Release|Any CPU
	EndGlobalSection
	GlobalSection(ProjectConfigurationPlatforms) = postSolution
		{FA4A3701-8272-477D-B8E0-BA64F8BAB8C4}.Debug|Any CPU.ActiveCfg = Debug|Any CPU
		{FA4A3701-8272-477D-B8E0-BA64F8BAB8C4}.Debug|Any CPU.Build.0 = Debug|Any CPU
		{FA4A3701-8272-477D-B8E0-BA64F8BAB8C4}.Debug|Any CPU.Deploy.0 = Debug|Any CPU
		{FA4A3701-8272-477D-B8E0-BA64F8BAB8C4}.Release|Any CPU.ActiveCfg = Release|Any CPU
		{FA4A3701-8272-477D-B8E0-BA64F8BAB8C4}.Release|Any CPU.Build.0 = Release|Any CPU
		{FA4A3701-8272-477D-B8E0-BA64F8BAB8C4}.Release|Any CPU.Deploy.0 = Release|Any CPU
		{6D16907F-10EE-44F8-803A-0EFC83D143A9}.Debug|Any CPU.ActiveCfg = Debug|Any CPU
		{6D16907F-10EE-44F8-803A-0EFC83D143A9}.Debug|Any CPU.Build.0 = Debug|Any CPU
		{6D16907F-10EE-44F8-803A-0EFC83D143A9}.Release|Any CPU.ActiveCfg = Release|Any CPU
		{6D16907F-10EE-44F8-803A-0EFC83D143A9}.Release|Any CPU.Build.0 = Release|Any CPU
	EndGlobalSection
	GlobalSection(SolutionProperties) = preSolution
		HideSolutionNode = FALSE
	EndGlobalSection
	GlobalSection(ExtensibilityGlobals) = postSolution
		SolutionGuid = {6DC5DE99-BF99-4EB9-9ADA-58CE8D16B77C}
	EndGlobalSection
EndGlobal
